// !$*UTF8*$!
{
	archiveVersion = 1;
	classes = {
	};
	objectVersion = 50;
	objects = {

/* Begin PBXBuildFile section */
		7A78AEC425F718A40035F93F /* ConstantsTemplate.swift in Sources */ = {isa = PBXBuildFile; fileRef = 7A78AEC325F718A40035F93F /* ConstantsTemplate.swift */; };
		7A78AECA25F748D20035F93F /* VideoTableViewCell.swift in Sources */ = {isa = PBXBuildFile; fileRef = 7A78AEC925F748D20035F93F /* VideoTableViewCell.swift */; };
		7A78AECD25F754CA0035F93F /* CacheManager.swift in Sources */ = {isa = PBXBuildFile; fileRef = 7A78AECC25F754CA0035F93F /* CacheManager.swift */; };
		7A78AECF25F763800035F93F /* DetailViewController.swift in Sources */ = {isa = PBXBuildFile; fileRef = 7A78AECE25F763800035F93F /* DetailViewController.swift */; };
		7A78AED225F76FA20035F93F /* WebKit.framework in Frameworks */ = {isa = PBXBuildFile; fileRef = 7A78AED125F76FA20035F93F /* WebKit.framework */; };
		7A91498525F1DDE200F5CF7E /* AppDelegate.swift in Sources */ = {isa = PBXBuildFile; fileRef = 7A91498425F1DDE200F5CF7E /* AppDelegate.swift */; };
		7A91498725F1DDE200F5CF7E /* SceneDelegate.swift in Sources */ = {isa = PBXBuildFile; fileRef = 7A91498625F1DDE200F5CF7E /* SceneDelegate.swift */; };
		7A91498925F1DDE200F5CF7E /* ViewController.swift in Sources */ = {isa = PBXBuildFile; fileRef = 7A91498825F1DDE200F5CF7E /* ViewController.swift */; };
		7A91498C25F1DDE200F5CF7E /* Main.storyboard in Resources */ = {isa = PBXBuildFile; fileRef = 7A91498A25F1DDE200F5CF7E /* Main.storyboard */; };
		7A91498E25F1DDE300F5CF7E /* Assets.xcassets in Resources */ = {isa = PBXBuildFile; fileRef = 7A91498D25F1DDE300F5CF7E /* Assets.xcassets */; };
		7A91499125F1DDE300F5CF7E /* LaunchScreen.storyboard in Resources */ = {isa = PBXBuildFile; fileRef = 7A91498F25F1DDE300F5CF7E /* LaunchScreen.storyboard */; };
		7A91499925F2025200F5CF7E /* Constants.swift in Sources */ = {isa = PBXBuildFile; fileRef = 7A91499825F2025200F5CF7E /* Constants.swift */; };
		7A91499B25F2042E00F5CF7E /* Video.swift in Sources */ = {isa = PBXBuildFile; fileRef = 7A91499A25F2042E00F5CF7E /* Video.swift */; };
		7A91499D25F2048C00F5CF7E /* Model.swift in Sources */ = {isa = PBXBuildFile; fileRef = 7A91499C25F2048C00F5CF7E /* Model.swift */; };
		7A91499F25F2220000F5CF7E /* Response.swift in Sources */ = {isa = PBXBuildFile; fileRef = 7A91499E25F2220000F5CF7E /* Response.swift */; };
/* End PBXBuildFile section */

/* Begin PBXFileReference section */
		7A78AEC325F718A40035F93F /* ConstantsTemplate.swift */ = {isa = PBXFileReference; lastKnownFileType = sourcecode.swift; path = ConstantsTemplate.swift; sourceTree = "<group>"; };
		7A78AEC925F748D20035F93F /* VideoTableViewCell.swift */ = {isa = PBXFileReference; lastKnownFileType = sourcecode.swift; path = VideoTableViewCell.swift; sourceTree = "<group>"; };
		7A78AECC25F754CA0035F93F /* CacheManager.swift */ = {isa = PBXFileReference; lastKnownFileType = sourcecode.swift; path = CacheManager.swift; sourceTree = "<group>"; };
		7A78AECE25F763800035F93F /* DetailViewController.swift */ = {isa = PBXFileReference; lastKnownFileType = sourcecode.swift; path = DetailViewController.swift; sourceTree = "<group>"; };
		7A78AED125F76FA20035F93F /* WebKit.framework */ = {isa = PBXFileReference; lastKnownFileType = wrapper.framework; name = WebKit.framework; path = System/Library/Frameworks/WebKit.framework; sourceTree = SDKROOT; };
		7A91498125F1DDE200F5CF7E /* SwiftYoutubeTest.app */ = {isa = PBXFileReference; explicitFileType = wrapper.application; includeInIndex = 0; path = SwiftYoutubeTest.app; sourceTree = BUILT_PRODUCTS_DIR; };
		7A91498425F1DDE200F5CF7E /* AppDelegate.swift */ = {isa = PBXFileReference; lastKnownFileType = sourcecode.swift; path = AppDelegate.swift; sourceTree = "<group>"; };
		7A91498625F1DDE200F5CF7E /* SceneDelegate.swift */ = {isa = PBXFileReference; lastKnownFileType = sourcecode.swift; path = SceneDelegate.swift; sourceTree = "<group>"; };
		7A91498825F1DDE200F5CF7E /* ViewController.swift */ = {isa = PBXFileReference; lastKnownFileType = sourcecode.swift; path = ViewController.swift; sourceTree = "<group>"; };
		7A91498B25F1DDE200F5CF7E /* Base */ = {isa = PBXFileReference; lastKnownFileType = file.storyboard; name = Base; path = Base.lproj/Main.storyboard; sourceTree = "<group>"; };
		7A91498D25F1DDE300F5CF7E /* Assets.xcassets */ = {isa = PBXFileReference; lastKnownFileType = folder.assetcatalog; path = Assets.xcassets; sourceTree = "<group>"; };
		7A91499025F1DDE300F5CF7E /* Base */ = {isa = PBXFileReference; lastKnownFileType = file.storyboard; name = Base; path = Base.lproj/LaunchScreen.storyboard; sourceTree = "<group>"; };
		7A91499225F1DDE300F5CF7E /* Info.plist */ = {isa = PBXFileReference; lastKnownFileType = text.plist.xml; path = Info.plist; sourceTree = "<group>"; };
		7A91499825F2025200F5CF7E /* Constants.swift */ = {isa = PBXFileReference; lastKnownFileType = sourcecode.swift; path = Constants.swift; sourceTree = "<group>"; };
		7A91499A25F2042E00F5CF7E /* Video.swift */ = {isa = PBXFileReference; lastKnownFileType = sourcecode.swift; path = Video.swift; sourceTree = "<group>"; };
		7A91499C25F2048C00F5CF7E /* Model.swift */ = {isa = PBXFileReference; lastKnownFileType = sourcecode.swift; path = Model.swift; sourceTree = "<group>"; };
		7A91499E25F2220000F5CF7E /* Response.swift */ = {isa = PBXFileReference; lastKnownFileType = sourcecode.swift; path = Response.swift; sourceTree = "<group>"; };
/* End PBXFileReference section */

/* Begin PBXFrameworksBuildPhase section */
		7A91497E25F1DDE200F5CF7E /* Frameworks */ = {
			isa = PBXFrameworksBuildPhase;
			buildActionMask = 2147483647;
			files = (
				7A78AED225F76FA20035F93F /* WebKit.framework in Frameworks */,
			);
			runOnlyForDeploymentPostprocessing = 0;
		};
/* End PBXFrameworksBuildPhase section */

/* Begin PBXGroup section */
		7A78AEC525F7481C0035F93F /* Helpers */ = {
			isa = PBXGroup;
			children = (
				7A91499825F2025200F5CF7E /* Constants.swift */,
				7A78AEC325F718A40035F93F /* ConstantsTemplate.swift */,
				7A78AECC25F754CA0035F93F /* CacheManager.swift */,
			);
			path = Helpers;
			sourceTree = "<group>";
		};
		7A78AEC625F748220035F93F /* Models */ = {
			isa = PBXGroup;
			children = (
				7A91499A25F2042E00F5CF7E /* Video.swift */,
				7A91499E25F2220000F5CF7E /* Response.swift */,
				7A91499C25F2048C00F5CF7E /* Model.swift */,
			);
			path = Models;
			sourceTree = "<group>";
		};
		7A78AEC725F748260035F93F /* ViewControllers */ = {
			isa = PBXGroup;
			children = (
				7A91498825F1DDE200F5CF7E /* ViewController.swift */,
				7A78AECE25F763800035F93F /* DetailViewController.swift */,
			);
			path = ViewControllers;
			sourceTree = "<group>";
		};
		7A78AEC825F7482D0035F93F /* Storyboards */ = {
			isa = PBXGroup;
			children = (
				7A91498A25F1DDE200F5CF7E /* Main.storyboard */,
				7A91498F25F1DDE300F5CF7E /* LaunchScreen.storyboard */,
			);
			path = Storyboards;
			sourceTree = "<group>";
		};
		7A78AECB25F748DD0035F93F /* Views */ = {
			isa = PBXGroup;
			children = (
				7A78AEC925F748D20035F93F /* VideoTableViewCell.swift */,
			);
			path = Views;
			sourceTree = "<group>";
		};
		7A78AED025F76FA20035F93F /* Frameworks */ = {
			isa = PBXGroup;
			children = (
				7A78AED125F76FA20035F93F /* WebKit.framework */,
			);
			name = Frameworks;
			sourceTree = "<group>";
		};
		7A91497825F1DDE200F5CF7E = {
			isa = PBXGroup;
			children = (
				7A91498325F1DDE200F5CF7E /* SwiftYoutubeTest */,
				7A91498225F1DDE200F5CF7E /* Products */,
				7A78AED025F76FA20035F93F /* Frameworks */,
			);
			sourceTree = "<group>";
		};
		7A91498225F1DDE200F5CF7E /* Products */ = {
			isa = PBXGroup;
			children = (
				7A91498125F1DDE200F5CF7E /* SwiftYoutubeTest.app */,
			);
			name = Products;
			sourceTree = "<group>";
		};
		7A91498325F1DDE200F5CF7E /* SwiftYoutubeTest */ = {
			isa = PBXGroup;
			children = (
				7A91498425F1DDE200F5CF7E /* AppDelegate.swift */,
				7A91498625F1DDE200F5CF7E /* SceneDelegate.swift */,
				7A78AEC825F7482D0035F93F /* Storyboards */,
				7A78AEC725F748260035F93F /* ViewControllers */,
				7A78AECB25F748DD0035F93F /* Views */,
				7A78AEC625F748220035F93F /* Models */,
				7A78AEC525F7481C0035F93F /* Helpers */,
				7A91498D25F1DDE300F5CF7E /* Assets.xcassets */,
				7A91499225F1DDE300F5CF7E /* Info.plist */,
			);
			path = SwiftYoutubeTest;
			sourceTree = "<group>";
		};
/* End PBXGroup section */

/* Begin PBXNativeTarget section */
		7A91498025F1DDE200F5CF7E /* SwiftYoutubeTest */ = {
			isa = PBXNativeTarget;
			buildConfigurationList = 7A91499525F1DDE300F5CF7E /* Build configuration list for PBXNativeTarget "SwiftYoutubeTest" */;
			buildPhases = (
				7A91497D25F1DDE200F5CF7E /* Sources */,
				7A91497E25F1DDE200F5CF7E /* Frameworks */,
				7A91497F25F1DDE200F5CF7E /* Resources */,
			);
			buildRules = (
			);
			dependencies = (
			);
			name = SwiftYoutubeTest;
			productName = SwiftYoutubeTest;
			productReference = 7A91498125F1DDE200F5CF7E /* SwiftYoutubeTest.app */;
			productType = "com.apple.product-type.application";
		};
/* End PBXNativeTarget section */

/* Begin PBXProject section */
		7A91497925F1DDE200F5CF7E /* Project object */ = {
			isa = PBXProject;
			attributes = {
				LastSwiftUpdateCheck = 1250;
				LastUpgradeCheck = 1250;
				TargetAttributes = {
					7A91498025F1DDE200F5CF7E = {
						CreatedOnToolsVersion = 12.5;
					};
				};
			};
			buildConfigurationList = 7A91497C25F1DDE200F5CF7E /* Build configuration list for PBXProject "SwiftYoutubeTest" */;
			compatibilityVersion = "Xcode 9.3";
			developmentRegion = en;
			hasScannedForEncodings = 0;
			knownRegions = (
				en,
				Base,
			);
			mainGroup = 7A91497825F1DDE200F5CF7E;
			productRefGroup = 7A91498225F1DDE200F5CF7E /* Products */;
			projectDirPath = "";
			projectRoot = "";
			targets = (
				7A91498025F1DDE200F5CF7E /* SwiftYoutubeTest */,
			);
		};
/* End PBXProject section */

/* Begin PBXResourcesBuildPhase section */
		7A91497F25F1DDE200F5CF7E /* Resources */ = {
			isa = PBXResourcesBuildPhase;
			buildActionMask = 2147483647;
			files = (
				7A91499125F1DDE300F5CF7E /* LaunchScreen.storyboard in Resources */,
				7A91498E25F1DDE300F5CF7E /* Assets.xcassets in Resources */,
				7A91498C25F1DDE200F5CF7E /* Main.storyboard in Resources */,
			);
			runOnlyForDeploymentPostprocessing = 0;
		};
/* End PBXResourcesBuildPhase section */

/* Begin PBXSourcesBuildPhase section */
		7A91497D25F1DDE200F5CF7E /* Sources */ = {
			isa = PBXSourcesBuildPhase;
			buildActionMask = 2147483647;
			files = (
				7A78AECF25F763800035F93F /* DetailViewController.swift in Sources */,
				7A91498925F1DDE200F5CF7E /* ViewController.swift in Sources */,
				7A91498525F1DDE200F5CF7E /* AppDelegate.swift in Sources */,
				7A91498725F1DDE200F5CF7E /* SceneDelegate.swift in Sources */,
				7A78AEC425F718A40035F93F /* ConstantsTemplate.swift in Sources */,
				7A91499D25F2048C00F5CF7E /* Model.swift in Sources */,
				7A91499925F2025200F5CF7E /* Constants.swift in Sources */,
				7A78AECD25F754CA0035F93F /* CacheManager.swift in Sources */,
				7A91499B25F2042E00F5CF7E /* Video.swift in Sources */,
				7A91499F25F2220000F5CF7E /* Response.swift in Sources */,
				7A78AECA25F748D20035F93F /* VideoTableViewCell.swift in Sources */,
			);
			runOnlyForDeploymentPostprocessing = 0;
		};
/* End PBXSourcesBuildPhase section */

/* Begin PBXVariantGroup section */
		7A91498A25F1DDE200F5CF7E /* Main.storyboard */ = {
			isa = PBXVariantGroup;
			children = (
				7A91498B25F1DDE200F5CF7E /* Base */,
			);
			name = Main.storyboard;
			sourceTree = "<group>";
		};
		7A91498F25F1DDE300F5CF7E /* LaunchScreen.storyboard */ = {
			isa = PBXVariantGroup;
			children = (
				7A91499025F1DDE300F5CF7E /* Base */,
			);
			name = LaunchScreen.storyboard;
			sourceTree = "<group>";
		};
/* End PBXVariantGroup section */

/* Begin XCBuildConfiguration section */
		7A91499325F1DDE300F5CF7E /* Debug */ = {
			isa = XCBuildConfiguration;
			buildSettings = {
				ALWAYS_SEARCH_USER_PATHS = NO;
				CLANG_ANALYZER_NONNULL = YES;
				CLANG_ANALYZER_NUMBER_OBJECT_CONVERSION = YES_AGGRESSIVE;
				CLANG_CXX_LANGUAGE_STANDARD = "gnu++14";
				CLANG_CXX_LIBRARY = "libc++";
				CLANG_ENABLE_MODULES = YES;
				CLANG_ENABLE_OBJC_ARC = YES;
				CLANG_ENABLE_OBJC_WEAK = YES;
				CLANG_WARN_BLOCK_CAPTURE_AUTORELEASING = YES;
				CLANG_WARN_BOOL_CONVERSION = YES;
				CLANG_WARN_COMMA = YES;
				CLANG_WARN_CONSTANT_CONVERSION = YES;
				CLANG_WARN_DEPRECATED_OBJC_IMPLEMENTATIONS = YES;
				CLANG_WARN_DIRECT_OBJC_ISA_USAGE = YES_ERROR;
				CLANG_WARN_DOCUMENTATION_COMMENTS = YES;
				CLANG_WARN_EMPTY_BODY = YES;
				CLANG_WARN_ENUM_CONVERSION = YES;
				CLANG_WARN_INFINITE_RECURSION = YES;
				CLANG_WARN_INT_CONVERSION = YES;
				CLANG_WARN_NON_LITERAL_NULL_CONVERSION = YES;
				CLANG_WARN_OBJC_IMPLICIT_RETAIN_SELF = YES;
				CLANG_WARN_OBJC_LITERAL_CONVERSION = YES;
				CLANG_WARN_OBJC_ROOT_CLASS = YES_ERROR;
				CLANG_WARN_QUOTED_INCLUDE_IN_FRAMEWORK_HEADER = YES;
				CLANG_WARN_RANGE_LOOP_ANALYSIS = YES;
				CLANG_WARN_STRICT_PROTOTYPES = YES;
				CLANG_WARN_SUSPICIOUS_MOVE = YES;
				CLANG_WARN_UNGUARDED_AVAILABILITY = YES_AGGRESSIVE;
				CLANG_WARN_UNREACHABLE_CODE = YES;
				CLANG_WARN__DUPLICATE_METHOD_MATCH = YES;
				COPY_PHASE_STRIP = NO;
				DEBUG_INFORMATION_FORMAT = dwarf;
				ENABLE_STRICT_OBJC_MSGSEND = YES;
				ENABLE_TESTABILITY = YES;
				GCC_C_LANGUAGE_STANDARD = gnu11;
				GCC_DYNAMIC_NO_PIC = NO;
				GCC_NO_COMMON_BLOCKS = YES;
				GCC_OPTIMIZATION_LEVEL = 0;
				GCC_PREPROCESSOR_DEFINITIONS = (
					"DEBUG=1",
					"$(inherited)",
				);
				GCC_WARN_64_TO_32_BIT_CONVERSION = YES;
				GCC_WARN_ABOUT_RETURN_TYPE = YES_ERROR;
				GCC_WARN_UNDECLARED_SELECTOR = YES;
				GCC_WARN_UNINITIALIZED_AUTOS = YES_AGGRESSIVE;
				GCC_WARN_UNUSED_FUNCTION = YES;
				GCC_WARN_UNUSED_VARIABLE = YES;
				IPHONEOS_DEPLOYMENT_TARGET = 14.5;
				MTL_ENABLE_DEBUG_INFO = INCLUDE_SOURCE;
				MTL_FAST_MATH = YES;
				ONLY_ACTIVE_ARCH = YES;
				SDKROOT = iphoneos;
				SWIFT_ACTIVE_COMPILATION_CONDITIONS = DEBUG;
				SWIFT_OPTIMIZATION_LEVEL = "-Onone";
			};
			name = Debug;
		};
		7A91499425F1DDE300F5CF7E /* Release */ = {
			isa = XCBuildConfiguration;
			buildSettings = {
				ALWAYS_SEARCH_USER_PATHS = NO;
				CLANG_ANALYZER_NONNULL = YES;
				CLANG_ANALYZER_NUMBER_OBJECT_CONVERSION = YES_AGGRESSIVE;
				CLANG_CXX_LANGUAGE_STANDARD = "gnu++14";
				CLANG_CXX_LIBRARY = "libc++";
				CLANG_ENABLE_MODULES = YES;
				CLANG_ENABLE_OBJC_ARC = YES;
				CLANG_ENABLE_OBJC_WEAK = YES;
				CLANG_WARN_BLOCK_CAPTURE_AUTORELEASING = YES;
				CLANG_WARN_BOOL_CONVERSION = YES;
				CLANG_WARN_COMMA = YES;
				CLANG_WARN_CONSTANT_CONVERSION = YES;
				CLANG_WARN_DEPRECATED_OBJC_IMPLEMENTATIONS = YES;
				CLANG_WARN_DIRECT_OBJC_ISA_USAGE = YES_ERROR;
				CLANG_WARN_DOCUMENTATION_COMMENTS = YES;
				CLANG_WARN_EMPTY_BODY = YES;
				CLANG_WARN_ENUM_CONVERSION = YES;
				CLANG_WARN_INFINITE_RECURSION = YES;
				CLANG_WARN_INT_CONVERSION = YES;
				CLANG_WARN_NON_LITERAL_NULL_CONVERSION = YES;
				CLANG_WARN_OBJC_IMPLICIT_RETAIN_SELF = YES;
				CLANG_WARN_OBJC_LITERAL_CONVERSION = YES;
				CLANG_WARN_OBJC_ROOT_CLASS = YES_ERROR;
				CLANG_WARN_QUOTED_INCLUDE_IN_FRAMEWORK_HEADER = YES;
				CLANG_WARN_RANGE_LOOP_ANALYSIS = YES;
				CLANG_WARN_STRICT_PROTOTYPES = YES;
				CLANG_WARN_SUSPICIOUS_MOVE = YES;
				CLANG_WARN_UNGUARDED_AVAILABILITY = YES_AGGRESSIVE;
				CLANG_WARN_UNREACHABLE_CODE = YES;
				CLANG_WARN__DUPLICATE_METHOD_MATCH = YES;
				COPY_PHASE_STRIP = NO;
				DEBUG_INFORMATION_FORMAT = "dwarf-with-dsym";
				ENABLE_NS_ASSERTIONS = NO;
				ENABLE_STRICT_OBJC_MSGSEND = YES;
				GCC_C_LANGUAGE_STANDARD = gnu11;
				GCC_NO_COMMON_BLOCKS = YES;
				GCC_WARN_64_TO_32_BIT_CONVERSION = YES;
				GCC_WARN_ABOUT_RETURN_TYPE = YES_ERROR;
				GCC_WARN_UNDECLARED_SELECTOR = YES;
				GCC_WARN_UNINITIALIZED_AUTOS = YES_AGGRESSIVE;
				GCC_WARN_UNUSED_FUNCTION = YES;
				GCC_WARN_UNUSED_VARIABLE = YES;
				IPHONEOS_DEPLOYMENT_TARGET = 14.5;
				MTL_ENABLE_DEBUG_INFO = NO;
				MTL_FAST_MATH = YES;
				SDKROOT = iphoneos;
				SWIFT_COMPILATION_MODE = wholemodule;
				SWIFT_OPTIMIZATION_LEVEL = "-O";
				VALIDATE_PRODUCT = YES;
			};
			name = Release;
		};
		7A91499625F1DDE300F5CF7E /* Debug */ = {
			isa = XCBuildConfiguration;
			buildSettings = {
				ASSETCATALOG_COMPILER_APPICON_NAME = AppIcon;
				ASSETCATALOG_COMPILER_GLOBAL_ACCENT_COLOR_NAME = AccentColor;
				CODE_SIGN_STYLE = Automatic;
				DEVELOPMENT_TEAM = 5YD767XDGH;
				INFOPLIST_FILE = SwiftYoutubeTest/Info.plist;
				LD_RUNPATH_SEARCH_PATHS = (
					"$(inherited)",
					"@executable_path/Frameworks",
				);
				PRODUCT_BUNDLE_IDENTIFIER = test.SwiftYoutubeTest;
				PRODUCT_NAME = "$(TARGET_NAME)";
				SWIFT_VERSION = 5.0;
				TARGETED_DEVICE_FAMILY = "1,2";
			};
			name = Debug;
		};
		7A91499725F1DDE300F5CF7E /* Release */ = {
			isa = XCBuildConfiguration;
			buildSettings = {
				ASSETCATALOG_COMPILER_APPICON_NAME = AppIcon;
				ASSETCATALOG_COMPILER_GLOBAL_ACCENT_COLOR_NAME = AccentColor;
				CODE_SIGN_STYLE = Automatic;
				DEVELOPMENT_TEAM = 5YD767XDGH;
				INFOPLIST_FILE = SwiftYoutubeTest/Info.plist;
				LD_RUNPATH_SEARCH_PATHS = (
					"$(inherited)",
					"@executable_path/Frameworks",
				);
				PRODUCT_BUNDLE_IDENTIFIER = test.SwiftYoutubeTest;
				PRODUCT_NAME = "$(TARGET_NAME)";
				SWIFT_VERSION = 5.0;
				TARGETED_DEVICE_FAMILY = "1,2";
			};
			name = Release;
		};
/* End XCBuildConfiguration section */

/* Begin XCConfigurationList section */
		7A91497C25F1DDE200F5CF7E /* Build configuration list for PBXProject "SwiftYoutubeTest" */ = {
			isa = XCConfigurationList;
			buildConfigurations = (
				7A91499325F1DDE300F5CF7E /* Debug */,
				7A91499425F1DDE300F5CF7E /* Release */,
			);
			defaultConfigurationIsVisible = 0;
			defaultConfigurationName = Release;
		};
		7A91499525F1DDE300F5CF7E /* Build configuration list for PBXNativeTarget "SwiftYoutubeTest" */ = {
			isa = XCConfigurationList;
			buildConfigurations = (
				7A91499625F1DDE300F5CF7E /* Debug */,
				7A91499725F1DDE300F5CF7E /* Release */,
			);
			defaultConfigurationIsVisible = 0;
			defaultConfigurationName = Release;
		};
/* End XCConfigurationList section */
	};
	rootObject = 7A91497925F1DDE200F5CF7E /* Project object */;
}
